// !$*UTF8*$!
{
	archiveVersion = 1;
	classes = {
	};
	objectVersion = 56;
	objects = {

/* Begin PBXBuildFile section */
		C84D38632C63E03200065F0D /* EditjiroApp.swift in Sources */ = {isa = PBXBuildFile; fileRef = C84D38622C63E03200065F0D /* EditjiroApp.swift */; };
		C84D38652C63E03200065F0D /* ContentView.swift in Sources */ = {isa = PBXBuildFile; fileRef = C84D38642C63E03200065F0D /* ContentView.swift */; };
		C84D38672C63E03300065F0D /* Assets.xcassets in Resources */ = {isa = PBXBuildFile; fileRef = C84D38662C63E03300065F0D /* Assets.xcassets */; };
		C84D386A2C63E03300065F0D /* Preview Assets.xcassets in Resources */ = {isa = PBXBuildFile; fileRef = C84D38692C63E03300065F0D /* Preview Assets.xcassets */; };
		C84D38722C64747300065F0D /* Localizable.xcstrings in Resources */ = {isa = PBXBuildFile; fileRef = C84D38712C64747300065F0D /* Localizable.xcstrings */; };
		C889E9B42C647DEE002672A1 /* InfoPlist.xcstrings in Resources */ = {isa = PBXBuildFile; fileRef = C889E9B32C647DEE002672A1 /* InfoPlist.xcstrings */; };
		C889E9B62C647F4F002672A1 /* Info.plist in Resources */ = {isa = PBXBuildFile; fileRef = C889E9B52C647F4F002672A1 /* Info.plist */; };
/* End PBXBuildFile section */

/* Begin PBXFileReference section */
		C84D385F2C63E03200065F0D /* Editjiro.app */ = {isa = PBXFileReference; explicitFileType = wrapper.application; includeInIndex = 0; path = Editjiro.app; sourceTree = BUILT_PRODUCTS_DIR; };
		C84D38622C63E03200065F0D /* EditjiroApp.swift */ = {isa = PBXFileReference; lastKnownFileType = sourcecode.swift; path = EditjiroApp.swift; sourceTree = "<group>"; };
		C84D38642C63E03200065F0D /* ContentView.swift */ = {isa = PBXFileReference; lastKnownFileType = sourcecode.swift; path = ContentView.swift; sourceTree = "<group>"; };
		C84D38662C63E03300065F0D /* Assets.xcassets */ = {isa = PBXFileReference; lastKnownFileType = folder.assetcatalog; path = Assets.xcassets; sourceTree = "<group>"; };
		C84D38692C63E03300065F0D /* Preview Assets.xcassets */ = {isa = PBXFileReference; lastKnownFileType = folder.assetcatalog; path = "Preview Assets.xcassets"; sourceTree = "<group>"; };
		C84D386B2C63E03300065F0D /* Editjiro.entitlements */ = {isa = PBXFileReference; lastKnownFileType = text.plist.entitlements; path = Editjiro.entitlements; sourceTree = "<group>"; };
		C84D38712C64747300065F0D /* Localizable.xcstrings */ = {isa = PBXFileReference; lastKnownFileType = text.json.xcstrings; path = Localizable.xcstrings; sourceTree = "<group>"; };
		C889E9B32C647DEE002672A1 /* InfoPlist.xcstrings */ = {isa = PBXFileReference; lastKnownFileType = text.json.xcstrings; path = InfoPlist.xcstrings; sourceTree = "<group>"; };
		C889E9B52C647F4F002672A1 /* Info.plist */ = {isa = PBXFileReference; fileEncoding = 4; lastKnownFileType = text.plist.xml; path = Info.plist; sourceTree = "<group>"; };
/* End PBXFileReference section */

/* Begin PBXFrameworksBuildPhase section */
		C84D385C2C63E03200065F0D /* Frameworks */ = {
			isa = PBXFrameworksBuildPhase;
			buildActionMask = 2147483647;
			files = (
			);
			runOnlyForDeploymentPostprocessing = 0;
		};
/* End PBXFrameworksBuildPhase section */

/* Begin PBXGroup section */
		C84D38562C63E03200065F0D = {
			isa = PBXGroup;
			children = (
				C84D38612C63E03200065F0D /* Editjiro */,
				C84D38602C63E03200065F0D /* Products */,
			);
			sourceTree = "<group>";
		};
		C84D38602C63E03200065F0D /* Products */ = {
			isa = PBXGroup;
			children = (
				C84D385F2C63E03200065F0D /* Editjiro.app */,
			);
			name = Products;
			sourceTree = "<group>";
		};
		C84D38612C63E03200065F0D /* Editjiro */ = {
			isa = PBXGroup;
			children = (
				C84D38622C63E03200065F0D /* EditjiroApp.swift */,
				C84D38642C63E03200065F0D /* ContentView.swift */,
				C84D386B2C63E03300065F0D /* Editjiro.entitlements */,
				C84D38662C63E03300065F0D /* Assets.xcassets */,
				C84D38712C64747300065F0D /* Localizable.xcstrings */,
				C889E9B32C647DEE002672A1 /* InfoPlist.xcstrings */,
				C889E9B52C647F4F002672A1 /* Info.plist */,
				C84D38682C63E03300065F0D /* Preview Content */,
			);
			path = Editjiro;
			sourceTree = "<group>";
		};
		C84D38682C63E03300065F0D /* Preview Content */ = {
			isa = PBXGroup;
			children = (
				C84D38692C63E03300065F0D /* Preview Assets.xcassets */,
			);
			path = "Preview Content";
			sourceTree = "<group>";
		};
/* End PBXGroup section */

/* Begin PBXNativeTarget section */
		C84D385E2C63E03200065F0D /* Editjiro */ = {
			isa = PBXNativeTarget;
			buildConfigurationList = C84D386E2C63E03300065F0D /* Build configuration list for PBXNativeTarget "Editjiro" */;
			buildPhases = (
				C84D385B2C63E03200065F0D /* Sources */,
				C84D385C2C63E03200065F0D /* Frameworks */,
				C84D385D2C63E03200065F0D /* Resources */,
			);
			buildRules = (
			);
			dependencies = (
			);
			name = Editjiro;
			productName = Editjiro;
			productReference = C84D385F2C63E03200065F0D /* Editjiro.app */;
			productType = "com.apple.product-type.application";
		};
/* End PBXNativeTarget section */

/* Begin PBXProject section */
		C84D38572C63E03200065F0D /* Project object */ = {
			isa = PBXProject;
			attributes = {
				BuildIndependentTargetsInParallel = 1;
				LastSwiftUpdateCheck = 1540;
				LastUpgradeCheck = 1540;
				TargetAttributes = {
					C84D385E2C63E03200065F0D = {
						CreatedOnToolsVersion = 15.4;
					};
				};
			};
			buildConfigurationList = C84D385A2C63E03200065F0D /* Build configuration list for PBXProject "Editjiro" */;
			compatibilityVersion = "Xcode 14.0";
			developmentRegion = en;
			hasScannedForEncodings = 0;
			knownRegions = (
				en,
				Base,
				ja,
			);
			mainGroup = C84D38562C63E03200065F0D;
			productRefGroup = C84D38602C63E03200065F0D /* Products */;
			projectDirPath = "";
			projectRoot = "";
			targets = (
				C84D385E2C63E03200065F0D /* Editjiro */,
			);
		};
/* End PBXProject section */

/* Begin PBXResourcesBuildPhase section */
		C84D385D2C63E03200065F0D /* Resources */ = {
			isa = PBXResourcesBuildPhase;
			buildActionMask = 2147483647;
			files = (
				C84D386A2C63E03300065F0D /* Preview Assets.xcassets in Resources */,
				C84D38672C63E03300065F0D /* Assets.xcassets in Resources */,
				C889E9B42C647DEE002672A1 /* InfoPlist.xcstrings in Resources */,
				C889E9B62C647F4F002672A1 /* Info.plist in Resources */,
				C84D38722C64747300065F0D /* Localizable.xcstrings in Resources */,
			);
			runOnlyForDeploymentPostprocessing = 0;
		};
/* End PBXResourcesBuildPhase section */

/* Begin PBXSourcesBuildPhase section */
		C84D385B2C63E03200065F0D /* Sources */ = {
			isa = PBXSourcesBuildPhase;
			buildActionMask = 2147483647;
			files = (
				C84D38652C63E03200065F0D /* ContentView.swift in Sources */,
				C84D38632C63E03200065F0D /* EditjiroApp.swift in Sources */,
			);
			runOnlyForDeploymentPostprocessing = 0;
		};
/* End PBXSourcesBuildPhase section */

/* Begin XCBuildConfiguration section */
		C84D386C2C63E03300065F0D /* Debug */ = {
			isa = XCBuildConfiguration;
			buildSettings = {
				ALWAYS_SEARCH_USER_PATHS = NO;
				ASSETCATALOG_COMPILER_GENERATE_SWIFT_ASSET_SYMBOL_EXTENSIONS = YES;
				CLANG_ANALYZER_NONNULL = YES;
				CLANG_ANALYZER_NUMBER_OBJECT_CONVERSION = YES_AGGRESSIVE;
				CLANG_CXX_LANGUAGE_STANDARD = "gnu++20";
				CLANG_ENABLE_MODULES = YES;
				CLANG_ENABLE_OBJC_ARC = YES;
				CLANG_ENABLE_OBJC_WEAK = YES;
				CLANG_WARN_BLOCK_CAPTURE_AUTORELEASING = YES;
				CLANG_WARN_BOOL_CONVERSION = YES;
				CLANG_WARN_COMMA = YES;
				CLANG_WARN_CONSTANT_CONVERSION = YES;
				CLANG_WARN_DEPRECATED_OBJC_IMPLEMENTATIONS = YES;
				CLANG_WARN_DIRECT_OBJC_ISA_USAGE = YES_ERROR;
				CLANG_WARN_DOCUMENTATION_COMMENTS = YES;
				CLANG_WARN_EMPTY_BODY = YES;
				CLANG_WARN_ENUM_CONVERSION = YES;
				CLANG_WARN_INFINITE_RECURSION = YES;
				CLANG_WARN_INT_CONVERSION = YES;
				CLANG_WARN_NON_LITERAL_NULL_CONVERSION = YES;
				CLANG_WARN_OBJC_IMPLICIT_RETAIN_SELF = YES;
				CLANG_WARN_OBJC_LITERAL_CONVERSION = YES;
				CLANG_WARN_OBJC_ROOT_CLASS = YES_ERROR;
				CLANG_WARN_QUOTED_INCLUDE_IN_FRAMEWORK_HEADER = YES;
				CLANG_WARN_RANGE_LOOP_ANALYSIS = YES;
				CLANG_WARN_STRICT_PROTOTYPES = YES;
				CLANG_WARN_SUSPICIOUS_MOVE = YES;
				CLANG_WARN_UNGUARDED_AVAILABILITY = YES_AGGRESSIVE;
				CLANG_WARN_UNREACHABLE_CODE = YES;
				CLANG_WARN__DUPLICATE_METHOD_MATCH = YES;
				COPY_PHASE_STRIP = NO;
				DEBUG_INFORMATION_FORMAT = dwarf;
				ENABLE_STRICT_OBJC_MSGSEND = YES;
				ENABLE_TESTABILITY = YES;
				ENABLE_USER_SCRIPT_SANDBOXING = YES;
				GCC_C_LANGUAGE_STANDARD = gnu17;
				GCC_DYNAMIC_NO_PIC = NO;
				GCC_NO_COMMON_BLOCKS = YES;
				GCC_OPTIMIZATION_LEVEL = 0;
				GCC_PREPROCESSOR_DEFINITIONS = (
					"DEBUG=1",
					"$(inherited)",
				);
				GCC_WARN_64_TO_32_BIT_CONVERSION = YES;
				GCC_WARN_ABOUT_RETURN_TYPE = YES_ERROR;
				GCC_WARN_UNDECLARED_SELECTOR = YES;
				GCC_WARN_UNINITIALIZED_AUTOS = YES_AGGRESSIVE;
				GCC_WARN_UNUSED_FUNCTION = YES;
				GCC_WARN_UNUSED_VARIABLE = YES;
				INFOPLIST_FILE = Editjiro/Info.plist;
				LOCALIZATION_PREFERS_STRING_CATALOGS = YES;
				MACOSX_DEPLOYMENT_TARGET = 14.5;
				MTL_ENABLE_DEBUG_INFO = INCLUDE_SOURCE;
				MTL_FAST_MATH = YES;
				ONLY_ACTIVE_ARCH = YES;
				SDKROOT = macosx;
				SWIFT_ACTIVE_COMPILATION_CONDITIONS = "DEBUG $(inherited)";
				SWIFT_OPTIMIZATION_LEVEL = "-Onone";
			};
			name = Debug;
		};
		C84D386D2C63E03300065F0D /* Release */ = {
			isa = XCBuildConfiguration;
			buildSettings = {
				ALWAYS_SEARCH_USER_PATHS = NO;
				ASSETCATALOG_COMPILER_GENERATE_SWIFT_ASSET_SYMBOL_EXTENSIONS = YES;
				CLANG_ANALYZER_NONNULL = YES;
				CLANG_ANALYZER_NUMBER_OBJECT_CONVERSION = YES_AGGRESSIVE;
				CLANG_CXX_LANGUAGE_STANDARD = "gnu++20";
				CLANG_ENABLE_MODULES = YES;
				CLANG_ENABLE_OBJC_ARC = YES;
				CLANG_ENABLE_OBJC_WEAK = YES;
				CLANG_WARN_BLOCK_CAPTURE_AUTORELEASING = YES;
				CLANG_WARN_BOOL_CONVERSION = YES;
				CLANG_WARN_COMMA = YES;
				CLANG_WARN_CONSTANT_CONVERSION = YES;
				CLANG_WARN_DEPRECATED_OBJC_IMPLEMENTATIONS = YES;
				CLANG_WARN_DIRECT_OBJC_ISA_USAGE = YES_ERROR;
				CLANG_WARN_DOCUMENTATION_COMMENTS = YES;
				CLANG_WARN_EMPTY_BODY = YES;
				CLANG_WARN_ENUM_CONVERSION = YES;
				CLANG_WARN_INFINITE_RECURSION = YES;
				CLANG_WARN_INT_CONVERSION = YES;
				CLANG_WARN_NON_LITERAL_NULL_CONVERSION = YES;
				CLANG_WARN_OBJC_IMPLICIT_RETAIN_SELF = YES;
				CLANG_WARN_OBJC_LITERAL_CONVERSION = YES;
				CLANG_WARN_OBJC_ROOT_CLASS = YES_ERROR;
				CLANG_WARN_QUOTED_INCLUDE_IN_FRAMEWORK_HEADER = YES;
				CLANG_WARN_RANGE_LOOP_ANALYSIS = YES;
				CLANG_WARN_STRICT_PROTOTYPES = YES;
				CLANG_WARN_SUSPICIOUS_MOVE = YES;
				CLANG_WARN_UNGUARDED_AVAILABILITY = YES_AGGRESSIVE;
				CLANG_WARN_UNREACHABLE_CODE = YES;
				CLANG_WARN__DUPLICATE_METHOD_MATCH = YES;
				COPY_PHASE_STRIP = NO;
				DEBUG_INFORMATION_FORMAT = "dwarf-with-dsym";
				ENABLE_NS_ASSERTIONS = NO;
				ENABLE_STRICT_OBJC_MSGSEND = YES;
				ENABLE_USER_SCRIPT_SANDBOXING = YES;
				GCC_C_LANGUAGE_STANDARD = gnu17;
				GCC_NO_COMMON_BLOCKS = YES;
				GCC_WARN_64_TO_32_BIT_CONVERSION = YES;
				GCC_WARN_ABOUT_RETURN_TYPE = YES_ERROR;
				GCC_WARN_UNDECLARED_SELECTOR = YES;
				GCC_WARN_UNINITIALIZED_AUTOS = YES_AGGRESSIVE;
				GCC_WARN_UNUSED_FUNCTION = YES;
				GCC_WARN_UNUSED_VARIABLE = YES;
				INFOPLIST_FILE = Editjiro/Info.plist;
				LOCALIZATION_PREFERS_STRING_CATALOGS = YES;
				MACOSX_DEPLOYMENT_TARGET = 14.5;
				MTL_ENABLE_DEBUG_INFO = NO;
				MTL_FAST_MATH = YES;
				SDKROOT = macosx;
				SWIFT_COMPILATION_MODE = wholemodule;
			};
			name = Release;
		};
		C84D386F2C63E03300065F0D /* Debug */ = {
			isa = XCBuildConfiguration;
			buildSettings = {
				ASSETCATALOG_COMPILER_APPICON_NAME = AppIcon;
				ASSETCATALOG_COMPILER_GLOBAL_ACCENT_COLOR_NAME = AccentColor;
				CODE_SIGN_ENTITLEMENTS = Editjiro/Editjiro.entitlements;
				CODE_SIGN_STYLE = Automatic;
				COMBINE_HIDPI_IMAGES = YES;
				CURRENT_PROJECT_VERSION = 1;
				DEVELOPMENT_ASSET_PATHS = "\"Editjiro/Preview Content\"";
				DEVELOPMENT_TEAM = 4GERXBURZN;
				ENABLE_HARDENED_RUNTIME = YES;
				ENABLE_PREVIEWS = YES;
				GENERATE_INFOPLIST_FILE = YES;
				INFOPLIST_KEY_LSApplicationCategoryType = "public.app-category.utilities";
				INFOPLIST_KEY_NSHumanReadableCopyright = "© 2024 Shintaro Morikawa";
				LD_RUNPATH_SEARCH_PATHS = (
					"$(inherited)",
					"@executable_path/../Frameworks",
				);
				MARKETING_VERSION = 1.0;
				PRODUCT_BUNDLE_IDENTIFIER = me.morishin.Editjiro;
				PRODUCT_NAME = "$(TARGET_NAME)";
				SWIFT_EMIT_LOC_STRINGS = YES;
				SWIFT_VERSION = 5.0;
			};
			name = Debug;
		};
		C84D38702C63E03300065F0D /* Release */ = {
			isa = XCBuildConfiguration;
			buildSettings = {
				ASSETCATALOG_COMPILER_APPICON_NAME = AppIcon;
				ASSETCATALOG_COMPILER_GLOBAL_ACCENT_COLOR_NAME = AccentColor;
				CODE_SIGN_ENTITLEMENTS = Editjiro/Editjiro.entitlements;
				CODE_SIGN_STYLE = Automatic;
				COMBINE_HIDPI_IMAGES = YES;
				CURRENT_PROJECT_VERSION = 1;
				DEVELOPMENT_ASSET_PATHS = "\"Editjiro/Preview Content\"";
				DEVELOPMENT_TEAM = 4GERXBURZN;
				ENABLE_HARDENED_RUNTIME = YES;
				ENABLE_PREVIEWS = YES;
				GENERATE_INFOPLIST_FILE = YES;
				INFOPLIST_KEY_LSApplicationCategoryType = "public.app-category.utilities";
				INFOPLIST_KEY_NSHumanReadableCopyright = "© 2024 Shintaro Morikawa";
				LD_RUNPATH_SEARCH_PATHS = (
					"$(inherited)",
					"@executable_path/../Frameworks",
				);
				MARKETING_VERSION = 1.0;
				PRODUCT_BUNDLE_IDENTIFIER = me.morishin.Editjiro;
				PRODUCT_NAME = "$(TARGET_NAME)";
				SWIFT_EMIT_LOC_STRINGS = YES;
				SWIFT_VERSION = 5.0;
			};
			name = Release;
		};
/* End XCBuildConfiguration section */

/* Begin XCConfigurationList section */
		C84D385A2C63E03200065F0D /* Build configuration list for PBXProject "Editjiro" */ = {
			isa = XCConfigurationList;
			buildConfigurations = (
				C84D386C2C63E03300065F0D /* Debug */,
				C84D386D2C63E03300065F0D /* Release */,
			);
			defaultConfigurationIsVisible = 0;
			defaultConfigurationName = Release;
		};
		C84D386E2C63E03300065F0D /* Build configuration list for PBXNativeTarget "Editjiro" */ = {
			isa = XCConfigurationList;
			buildConfigurations = (
				C84D386F2C63E03300065F0D /* Debug */,
				C84D38702C63E03300065F0D /* Release */,
			);
			defaultConfigurationIsVisible = 0;
			defaultConfigurationName = Release;
		};
/* End XCConfigurationList section */
	};
	rootObject = C84D38572C63E03200065F0D /* Project object */;
}
